<?xml version="1.0" encoding="utf-8"?>
<Project ToolsVersion="4.0" xmlns="http://schemas.microsoft.com/developer/msbuild/2003">
  <ItemGroup>
    <Filter Include="Source Files">
      <UniqueIdentifier>{4FC737F1-C7A5-4376-A066-2A32D752A2FF}</UniqueIdentifier>
      <Extensions>cpp;c;cc;cxx;c++;cppm;ixx;def;odl;idl;hpj;bat;asm;asmx</Extensions>
    </Filter>
    <Filter Include="Header Files">
      <UniqueIdentifier>{93995380-89BD-4b04-88EB-625FBE52EBFB}</UniqueIdentifier>
      <Extensions>h;hh;hpp;hxx;h++;hm;inl;inc;ipp;xsd</Extensions>
    </Filter>
    <Filter Include="Resource Files">
      <UniqueIdentifier>{67DA6AB6-F800-4c08-8B7A-83BB121AAD01}</UniqueIdentifier>
      <Extensions>rc;ico;cur;bmp;dlg;rc2;rct;bin;rgs;gif;jpg;jpeg;jpe;resx;tiff;tif;png;wav;mfcribbon-ms</Extensions>
    </Filter>
    <Filter Include="Source Files\RenderEngine">
      <UniqueIdentifier>{780ebb32-e71e-477b-95e3-237fe21eff69}</UniqueIdentifier>
    </Filter>
    <Filter Include="Source Files\Models">
      <UniqueIdentifier>{c64c393f-8c51-4982-b858-c2d3a7e4d3d2}</UniqueIdentifier>
    </Filter>
    <Filter Include="Source Files\Shaders">
      <UniqueIdentifier>{99a65414-eb05-4060-b238-6b06d4eb4e11}</UniqueIdentifier>
    </Filter>
    <Filter Include="Source Files\vendor">
      <UniqueIdentifier>{5e6b8996-d169-4e07-bfff-f9ba89cdfee8}</UniqueIdentifier>
    </Filter>
    <Filter Include="Source Files\vendor\stb_image">
      <UniqueIdentifier>{0e47b903-248a-4ffd-ae32-82ad368793ac}</UniqueIdentifier>
    </Filter>
    <Filter Include="Source Files\Textures">
      <UniqueIdentifier>{c700bbe5-f85c-4247-9fb5-cc69aa799012}</UniqueIdentifier>
    </Filter>
    <Filter Include="Source Files\Background">
      <UniqueIdentifier>{5a82dd11-0b4a-45f3-8d3f-be37498b2bba}</UniqueIdentifier>
    </Filter>
  </ItemGroup>
  <ItemGroup>
    <ClCompile Include="src\Application.cpp">
      <Filter>Source Files</Filter>
    </ClCompile>
    <ClCompile Include="src\DisplayManager.cpp">
      <Filter>Source Files\RenderEngine</Filter>
    </ClCompile>
    <ClCompile Include="src\Loader.cpp">
      <Filter>Source Files\RenderEngine</Filter>
    </ClCompile>
    <ClCompile Include="src\MasterRenderer.cpp">
      <Filter>Source Files\RenderEngine</Filter>
    </ClCompile>
    <ClCompile Include="src\RawModel.cpp">
      <Filter>Source Files\Models</Filter>
    </ClCompile>
    <ClCompile Include="src\ShaderProgram.cpp">
      <Filter>Source Files\Shaders</Filter>
    </ClCompile>
    <ClCompile Include="src\StaticShader.cpp">
      <Filter>Source Files\Shaders</Filter>
    </ClCompile>
    <ClCompile Include="src\vendor\stb_image\stb_image.cpp">
      <Filter>Source Files\vendor\stb_image</Filter>
    </ClCompile>
    <ClCompile Include="src\Texture.cpp">
      <Filter>Source Files\Textures</Filter>
    </ClCompile>
    <ClCompile Include="src\TexturedModel.cpp">
      <Filter>Source Files\Models</Filter>
    </ClCompile>
    <ClCompile Include="src\Background.cpp">
      <Filter>Source Files\Background</Filter>
    </ClCompile>
  </ItemGroup>
  <ItemGroup>
    <ClInclude Include="src\DisplayManager.h">
      <Filter>Source Files\RenderEngine</Filter>
    </ClInclude>
    <ClInclude Include="src\Loader.h">
      <Filter>Source Files\RenderEngine</Filter>
    </ClInclude>
    <ClInclude Include="src\MasterRenderer.h">
      <Filter>Source Files\RenderEngine</Filter>
    </ClInclude>
    <ClInclude Include="src\RawModel.h">
      <Filter>Source Files\Models</Filter>
    </ClInclude>
    <ClInclude Include="src\ShaderProgram.h">
      <Filter>Source Files\Shaders</Filter>
    </ClInclude>
    <ClInclude Include="src\StaticShader.h">
      <Filter>Source Files\Shaders</Filter>
    </ClInclude>
    <ClInclude Include="src\vendor\stb_image\stb_image.h">
      <Filter>Source Files\vendor\stb_image</Filter>
    </ClInclude>
    <ClInclude Include="src\Texture.h">
      <Filter>Source Files\Textures</Filter>
    </ClInclude>
    <ClInclude Include="src\TexturedModel.h">
      <Filter>Source Files\Models</Filter>
    </ClInclude>
    <ClInclude Include="src\Background.h">
      <Filter>Source Files\Background</Filter>
    </ClInclude>
  </ItemGroup>
  <ItemGroup>
    <None Include="src\shaders\fragmentShader.frag">
      <Filter>Source Files\Shaders</Filter>
    </None>
    <None Include="src\shaders\vertexShader.vert">
      <Filter>Source Files\Shaders</Filter>
    </None>
  </ItemGroup>
</Project>